
Microsoft Visual Studio Solution File, Format Version 12.00
# Visual Studio 2013
VisualStudioVersion = 12.0.21005.1
MinimumVisualStudioVersion = 10.0.40219.1
Project("{FAE04EC0-301F-11D3-BF4B-00C04F79EFBC}") = "Datos", "Datos\Datos.csproj", "{2C730609-868E-40E6-BF53-2B0CB7546DDA}"
EndProject
Project("{FAE04EC0-301F-11D3-BF4B-00C04F79EFBC}") = "Servicios", "Servicios\Servicios.csproj", "{6D7F0418-B495-4876-A288-427DB564A964}"
EndProject
Project("{FAE04EC0-301F-11D3-BF4B-00C04F79EFBC}") = "Web", "Web\Web.csproj", "{0E41EE32-E65A-426D-896E-01597FE80A0E}"
EndProject
Global
	GlobalSection(SolutionConfigurationPlatforms) = preSolution
		Debug|Any CPU = Debug|Any CPU
		Release|Any CPU = Release|Any CPU
	EndGlobalSection
	GlobalSection(ProjectConfigurationPlatforms) = postSolution
		{2C730609-868E-40E6-BF53-2B0CB7546DDA}.Debug|Any CPU.ActiveCfg = Debug|Any CPU
		{2C730609-868E-40E6-BF53-2B0CB7546DDA}.Debug|Any CPU.Build.0 = Debug|Any CPU
		{2C730609-868E-40E6-BF53-2B0CB7546DDA}.Release|Any CPU.ActiveCfg = Release|Any CPU
		{2C730609-868E-40E6-BF53-2B0CB7546DDA}.Release|Any CPU.Build.0 = Release|Any CPU
		{6D7F0418-B495-4876-A288-427DB564A964}.Debug|Any CPU.ActiveCfg = Debug|Any CPU
		{6D7F0418-B495-4876-A288-427DB564A964}.Debug|Any CPU.Build.0 = Debug|Any CPU
		{6D7F0418-B495-4876-A288-427DB564A964}.Release|Any CPU.ActiveCfg = Release|Any CPU
		{6D7F0418-B495-4876-A288-427DB564A964}.Release|Any CPU.Build.0 = Release|Any CPU
		{0E41EE32-E65A-426D-896E-01597FE80A0E}.Debug|Any CPU.ActiveCfg = Debug|Any CPU
		{0E41EE32-E65A-426D-896E-01597FE80A0E}.Debug|Any CPU.Build.0 = Debug|Any CPU
		{0E41EE32-E65A-426D-896E-01597FE80A0E}.Release|Any CPU.ActiveCfg = Release|Any CPU
		{0E41EE32-E65A-426D-896E-01597FE80A0E}.Release|Any CPU.Build.0 = Release|Any CPU
	EndGlobalSection
	GlobalSection(SolutionProperties) = preSolution
		HideSolutionNode = FALSE
	EndGlobalSection
EndGlobal
